<Solution>
  <Folder Name="/src/">
    <Project Path="src/Cqrs/Cqrs.csproj" />
    <Project Path="src/Cqrs.Middlewares/Cqrs.Middlewares.csproj" />
    <Project Path="src/Cqrs.Pipelines/Cqrs.Pipelines.csproj" />
  </Folder>
  <Folder Name="/tests/">
    <Project Path="tests/Cqrs.Tests/Cqrs.Tests.csproj" />
  </Folder>
</Solution>
